
Microsoft Visual Studio Solution File, Format Version 12.00
# Visual Studio 15
VisualStudioVersion = 15.0.27130.2026
MinimumVisualStudioVersion = 10.0.40219.1
Project("{FAE04EC0-301F-11D3-BF4B-00C04F79EFBC}") = "PrivateBankingSystem", "PrivateBankingSystem\PrivateBankingSystem.csproj", "{ED9759BC-D146-4845-BC02-CEB2BDB61BB2}"
EndProject
Global
	GlobalSection(SolutionConfigurationPlatforms) = preSolution
		Debug|Any CPU = Debug|Any CPU
		Release|Any CPU = Release|Any CPU
	EndGlobalSection
	GlobalSection(ProjectConfigurationPlatforms) = postSolution
		{ED9759BC-D146-4845-BC02-CEB2BDB61BB2}.Debug|Any CPU.ActiveCfg = Debug|Any CPU
		{ED9759BC-D146-4845-BC02-CEB2BDB61BB2}.Debug|Any CPU.Build.0 = Debug|Any CPU
		{ED9759BC-D146-4845-BC02-CEB2BDB61BB2}.Release|Any CPU.ActiveCfg = Release|Any CPU
		{ED9759BC-D146-4845-BC02-CEB2BDB61BB2}.Release|Any CPU.Build.0 = Release|Any CPU
	EndGlobalSection
	GlobalSection(SolutionProperties) = preSolution
		HideSolutionNode = FALSE
	EndGlobalSection
	GlobalSection(ExtensibilityGlobals) = postSolution
		SolutionGuid = {5C47B359-9FBD-410C-A5D8-F48112E9EDDC}
	EndGlobalSection
EndGlobal
